// !$*UTF8*$!
{
	archiveVersion = 1;
	classes = {
	};
	objectVersion = 56;
	objects = {

/* Begin PBXBuildFile section */
		BA4715C22A98C09B00CA0E5F /* ProfileView.swift in Sources */ = {isa = PBXBuildFile; fileRef = BA4715C12A98C09B00CA0E5F /* ProfileView.swift */; };
		BA4715C42A98C0D600CA0E5F /* ToDoListItemView.swift in Sources */ = {isa = PBXBuildFile; fileRef = BA4715C32A98C0D600CA0E5F /* ToDoListItemView.swift */; };
		BA4715C62A98C0F600CA0E5F /* NewItemView.swift in Sources */ = {isa = PBXBuildFile; fileRef = BA4715C52A98C0F600CA0E5F /* NewItemView.swift */; };
		BA4715C82A98C11A00CA0E5F /* LoginView.swift in Sources */ = {isa = PBXBuildFile; fileRef = BA4715C72A98C11A00CA0E5F /* LoginView.swift */; };
		BA4715CA2A98C13B00CA0E5F /* RegisterView.swift in Sources */ = {isa = PBXBuildFile; fileRef = BA4715C92A98C13B00CA0E5F /* RegisterView.swift */; };
		BA4715CC2A98C19900CA0E5F /* ToDoListView.swift in Sources */ = {isa = PBXBuildFile; fileRef = BA4715CB2A98C19900CA0E5F /* ToDoListView.swift */; };
		BA4715CE2A98C20B00CA0E5F /* User.swift in Sources */ = {isa = PBXBuildFile; fileRef = BA4715CD2A98C20B00CA0E5F /* User.swift */; };
		BA4715D02A98C22600CA0E5F /* ToDoListItem.swift in Sources */ = {isa = PBXBuildFile; fileRef = BA4715CF2A98C22600CA0E5F /* ToDoListItem.swift */; };
		BA4715D22A98C27000CA0E5F /* MainViewViewModel.swift in Sources */ = {isa = PBXBuildFile; fileRef = BA4715D12A98C27000CA0E5F /* MainViewViewModel.swift */; };
		BA4715D42A98C28200CA0E5F /* ProfileViewViewModel.swift in Sources */ = {isa = PBXBuildFile; fileRef = BA4715D32A98C28200CA0E5F /* ProfileViewViewModel.swift */; };
		BA4715D62A98C2A300CA0E5F /* ToDoListItemViewViewModel.swift in Sources */ = {isa = PBXBuildFile; fileRef = BA4715D52A98C2A300CA0E5F /* ToDoListItemViewViewModel.swift */; };
		BA4715D82A98C2B500CA0E5F /* NewItemViewViewModel.swift in Sources */ = {isa = PBXBuildFile; fileRef = BA4715D72A98C2B500CA0E5F /* NewItemViewViewModel.swift */; };
		BA4715DA2A98C2C300CA0E5F /* LoginViewViewModel.swift in Sources */ = {isa = PBXBuildFile; fileRef = BA4715D92A98C2C300CA0E5F /* LoginViewViewModel.swift */; };
		BA4715DC2A98C2D300CA0E5F /* RegisterViewViewModel.swift in Sources */ = {isa = PBXBuildFile; fileRef = BA4715DB2A98C2D300CA0E5F /* RegisterViewViewModel.swift */; };
		BA4715DE2A98C2E700CA0E5F /* ToDoListViewViewModel.swift in Sources */ = {isa = PBXBuildFile; fileRef = BA4715DD2A98C2E700CA0E5F /* ToDoListViewViewModel.swift */; };
		BA4715E02A9B80D500CA0E5F /* HeaderView.swift in Sources */ = {isa = PBXBuildFile; fileRef = BA4715DF2A9B80D500CA0E5F /* HeaderView.swift */; };
		BA4715E22A9B97C400CA0E5F /* TLButton.swift in Sources */ = {isa = PBXBuildFile; fileRef = BA4715E12A9B97C400CA0E5F /* TLButton.swift */; };
		BA4715E42AB4691800CA0E5F /* Extensions.swift in Sources */ = {isa = PBXBuildFile; fileRef = BA4715E32AB4691800CA0E5F /* Extensions.swift */; };
		BAA6EC742A989F0D00CD4B25 /* ToDoListSwiftUIApp.swift in Sources */ = {isa = PBXBuildFile; fileRef = BAA6EC732A989F0D00CD4B25 /* ToDoListSwiftUIApp.swift */; };
		BAA6EC762A989F0D00CD4B25 /* MainView.swift in Sources */ = {isa = PBXBuildFile; fileRef = BAA6EC752A989F0D00CD4B25 /* MainView.swift */; };
		BAA6EC782A989F1100CD4B25 /* Assets.xcassets in Resources */ = {isa = PBXBuildFile; fileRef = BAA6EC772A989F1100CD4B25 /* Assets.xcassets */; };
		BAA6EC7B2A989F1100CD4B25 /* Preview Assets.xcassets in Resources */ = {isa = PBXBuildFile; fileRef = BAA6EC7A2A989F1100CD4B25 /* Preview Assets.xcassets */; };
		BAA6EC832A98B28F00CD4B25 /* FirebaseAuth in Frameworks */ = {isa = PBXBuildFile; productRef = BAA6EC822A98B28F00CD4B25 /* FirebaseAuth */; };
		BAA6EC852A98B28F00CD4B25 /* FirebaseFirestore in Frameworks */ = {isa = PBXBuildFile; productRef = BAA6EC842A98B28F00CD4B25 /* FirebaseFirestore */; };
		BAA6EC872A98B28F00CD4B25 /* FirebaseFirestoreSwift in Frameworks */ = {isa = PBXBuildFile; productRef = BAA6EC862A98B28F00CD4B25 /* FirebaseFirestoreSwift */; };
		BAA6EC892A98B6DA00CD4B25 /* GoogleService-Info.plist in Resources */ = {isa = PBXBuildFile; fileRef = BAA6EC882A98B6D900CD4B25 /* GoogleService-Info.plist */; };
/* End PBXBuildFile section */

/* Begin PBXFileReference section */
		BA4715C12A98C09B00CA0E5F /* ProfileView.swift */ = {isa = PBXFileReference; lastKnownFileType = sourcecode.swift; path = ProfileView.swift; sourceTree = "<group>"; };
		BA4715C32A98C0D600CA0E5F /* ToDoListItemView.swift */ = {isa = PBXFileReference; lastKnownFileType = sourcecode.swift; path = ToDoListItemView.swift; sourceTree = "<group>"; };
		BA4715C52A98C0F600CA0E5F /* NewItemView.swift */ = {isa = PBXFileReference; lastKnownFileType = sourcecode.swift; path = NewItemView.swift; sourceTree = "<group>"; };
		BA4715C72A98C11A00CA0E5F /* LoginView.swift */ = {isa = PBXFileReference; lastKnownFileType = sourcecode.swift; path = LoginView.swift; sourceTree = "<group>"; };
		BA4715C92A98C13B00CA0E5F /* RegisterView.swift */ = {isa = PBXFileReference; lastKnownFileType = sourcecode.swift; path = RegisterView.swift; sourceTree = "<group>"; };
		BA4715CB2A98C19900CA0E5F /* ToDoListView.swift */ = {isa = PBXFileReference; lastKnownFileType = sourcecode.swift; path = ToDoListView.swift; sourceTree = "<group>"; };
		BA4715CD2A98C20B00CA0E5F /* User.swift */ = {isa = PBXFileReference; lastKnownFileType = sourcecode.swift; path = User.swift; sourceTree = "<group>"; };
		BA4715CF2A98C22600CA0E5F /* ToDoListItem.swift */ = {isa = PBXFileReference; lastKnownFileType = sourcecode.swift; path = ToDoListItem.swift; sourceTree = "<group>"; };
		BA4715D12A98C27000CA0E5F /* MainViewViewModel.swift */ = {isa = PBXFileReference; lastKnownFileType = sourcecode.swift; path = MainViewViewModel.swift; sourceTree = "<group>"; };
		BA4715D32A98C28200CA0E5F /* ProfileViewViewModel.swift */ = {isa = PBXFileReference; lastKnownFileType = sourcecode.swift; path = ProfileViewViewModel.swift; sourceTree = "<group>"; };
		BA4715D52A98C2A300CA0E5F /* ToDoListItemViewViewModel.swift */ = {isa = PBXFileReference; lastKnownFileType = sourcecode.swift; path = ToDoListItemViewViewModel.swift; sourceTree = "<group>"; };
		BA4715D72A98C2B500CA0E5F /* NewItemViewViewModel.swift */ = {isa = PBXFileReference; lastKnownFileType = sourcecode.swift; path = NewItemViewViewModel.swift; sourceTree = "<group>"; };
		BA4715D92A98C2C300CA0E5F /* LoginViewViewModel.swift */ = {isa = PBXFileReference; lastKnownFileType = sourcecode.swift; path = LoginViewViewModel.swift; sourceTree = "<group>"; };
		BA4715DB2A98C2D300CA0E5F /* RegisterViewViewModel.swift */ = {isa = PBXFileReference; lastKnownFileType = sourcecode.swift; path = RegisterViewViewModel.swift; sourceTree = "<group>"; };
		BA4715DD2A98C2E700CA0E5F /* ToDoListViewViewModel.swift */ = {isa = PBXFileReference; lastKnownFileType = sourcecode.swift; path = ToDoListViewViewModel.swift; sourceTree = "<group>"; };
		BA4715DF2A9B80D500CA0E5F /* HeaderView.swift */ = {isa = PBXFileReference; lastKnownFileType = sourcecode.swift; path = HeaderView.swift; sourceTree = "<group>"; };
		BA4715E12A9B97C400CA0E5F /* TLButton.swift */ = {isa = PBXFileReference; lastKnownFileType = sourcecode.swift; path = TLButton.swift; sourceTree = "<group>"; };
		BA4715E32AB4691800CA0E5F /* Extensions.swift */ = {isa = PBXFileReference; lastKnownFileType = sourcecode.swift; path = Extensions.swift; sourceTree = "<group>"; };
		BAA6EC702A989F0D00CD4B25 /* ToDoListSwiftUI.app */ = {isa = PBXFileReference; explicitFileType = wrapper.application; includeInIndex = 0; path = ToDoListSwiftUI.app; sourceTree = BUILT_PRODUCTS_DIR; };
		BAA6EC732A989F0D00CD4B25 /* ToDoListSwiftUIApp.swift */ = {isa = PBXFileReference; lastKnownFileType = sourcecode.swift; path = ToDoListSwiftUIApp.swift; sourceTree = "<group>"; };
		BAA6EC752A989F0D00CD4B25 /* MainView.swift */ = {isa = PBXFileReference; lastKnownFileType = sourcecode.swift; path = MainView.swift; sourceTree = "<group>"; };
		BAA6EC772A989F1100CD4B25 /* Assets.xcassets */ = {isa = PBXFileReference; lastKnownFileType = folder.assetcatalog; path = Assets.xcassets; sourceTree = "<group>"; };
		BAA6EC7A2A989F1100CD4B25 /* Preview Assets.xcassets */ = {isa = PBXFileReference; lastKnownFileType = folder.assetcatalog; path = "Preview Assets.xcassets"; sourceTree = "<group>"; };
		BAA6EC882A98B6D900CD4B25 /* GoogleService-Info.plist */ = {isa = PBXFileReference; fileEncoding = 4; lastKnownFileType = text.plist.xml; path = "GoogleService-Info.plist"; sourceTree = "<group>"; };
/* End PBXFileReference section */

/* Begin PBXFrameworksBuildPhase section */
		BAA6EC6D2A989F0D00CD4B25 /* Frameworks */ = {
			isa = PBXFrameworksBuildPhase;
			buildActionMask = 2147483647;
			files = (
				BAA6EC832A98B28F00CD4B25 /* FirebaseAuth in Frameworks */,
				BAA6EC852A98B28F00CD4B25 /* FirebaseFirestore in Frameworks */,
				BAA6EC872A98B28F00CD4B25 /* FirebaseFirestoreSwift in Frameworks */,
			);
			runOnlyForDeploymentPostprocessing = 0;
		};
/* End PBXFrameworksBuildPhase section */

/* Begin PBXGroup section */
		BA4715BD2A98BC5200CA0E5F /* Views */ = {
			isa = PBXGroup;
			children = (
				BAA6EC752A989F0D00CD4B25 /* MainView.swift */,
				BA4715C12A98C09B00CA0E5F /* ProfileView.swift */,
				BA4715CB2A98C19900CA0E5F /* ToDoListView.swift */,
				BA4715C32A98C0D600CA0E5F /* ToDoListItemView.swift */,
				BA4715C52A98C0F600CA0E5F /* NewItemView.swift */,
				BA4715C72A98C11A00CA0E5F /* LoginView.swift */,
				BA4715C92A98C13B00CA0E5F /* RegisterView.swift */,
				BA4715DF2A9B80D500CA0E5F /* HeaderView.swift */,
				BA4715E12A9B97C400CA0E5F /* TLButton.swift */,
			);
			path = Views;
			sourceTree = "<group>";
		};
		BA4715BE2A98BC7200CA0E5F /* ViewModels */ = {
			isa = PBXGroup;
			children = (
				BA4715D12A98C27000CA0E5F /* MainViewViewModel.swift */,
				BA4715D92A98C2C300CA0E5F /* LoginViewViewModel.swift */,
				BA4715DB2A98C2D300CA0E5F /* RegisterViewViewModel.swift */,
				BA4715D32A98C28200CA0E5F /* ProfileViewViewModel.swift */,
				BA4715D72A98C2B500CA0E5F /* NewItemViewViewModel.swift */,
				BA4715DD2A98C2E700CA0E5F /* ToDoListViewViewModel.swift */,
				BA4715D52A98C2A300CA0E5F /* ToDoListItemViewViewModel.swift */,
			);
			path = ViewModels;
			sourceTree = "<group>";
		};
		BA4715BF2A98BC9E00CA0E5F /* Models */ = {
			isa = PBXGroup;
			children = (
				BA4715CD2A98C20B00CA0E5F /* User.swift */,
				BA4715CF2A98C22600CA0E5F /* ToDoListItem.swift */,
			);
			path = Models;
			sourceTree = "<group>";
		};
		BA4715C02A98BCC400CA0E5F /* Other */ = {
			isa = PBXGroup;
			children = (
				BAA6EC772A989F1100CD4B25 /* Assets.xcassets */,
				BAA6EC882A98B6D900CD4B25 /* GoogleService-Info.plist */,
				BAA6EC732A989F0D00CD4B25 /* ToDoListSwiftUIApp.swift */,
				BA4715E32AB4691800CA0E5F /* Extensions.swift */,
			);
			path = Other;
			sourceTree = "<group>";
		};
		BAA6EC672A989F0D00CD4B25 = {
			isa = PBXGroup;
			children = (
				BAA6EC722A989F0D00CD4B25 /* ToDoListSwiftUI */,
				BAA6EC712A989F0D00CD4B25 /* Products */,
			);
			sourceTree = "<group>";
		};
		BAA6EC712A989F0D00CD4B25 /* Products */ = {
			isa = PBXGroup;
			children = (
				BAA6EC702A989F0D00CD4B25 /* ToDoListSwiftUI.app */,
			);
			name = Products;
			sourceTree = "<group>";
		};
		BAA6EC722A989F0D00CD4B25 /* ToDoListSwiftUI */ = {
			isa = PBXGroup;
			children = (
				BA4715C02A98BCC400CA0E5F /* Other */,
				BA4715BF2A98BC9E00CA0E5F /* Models */,
				BA4715BE2A98BC7200CA0E5F /* ViewModels */,
				BA4715BD2A98BC5200CA0E5F /* Views */,
				BAA6EC792A989F1100CD4B25 /* Preview Content */,
			);
			path = ToDoListSwiftUI;
			sourceTree = "<group>";
		};
		BAA6EC792A989F1100CD4B25 /* Preview Content */ = {
			isa = PBXGroup;
			children = (
				BAA6EC7A2A989F1100CD4B25 /* Preview Assets.xcassets */,
			);
			path = "Preview Content";
			sourceTree = "<group>";
		};
/* End PBXGroup section */

/* Begin PBXNativeTarget section */
		BAA6EC6F2A989F0D00CD4B25 /* ToDoListSwiftUI */ = {
			isa = PBXNativeTarget;
			buildConfigurationList = BAA6EC7E2A989F1100CD4B25 /* Build configuration list for PBXNativeTarget "ToDoListSwiftUI" */;
			buildPhases = (
				BAA6EC6C2A989F0D00CD4B25 /* Sources */,
				BAA6EC6D2A989F0D00CD4B25 /* Frameworks */,
				BAA6EC6E2A989F0D00CD4B25 /* Resources */,
			);
			buildRules = (
			);
			dependencies = (
			);
			name = ToDoListSwiftUI;
			packageProductDependencies = (
				BAA6EC822A98B28F00CD4B25 /* FirebaseAuth */,
				BAA6EC842A98B28F00CD4B25 /* FirebaseFirestore */,
				BAA6EC862A98B28F00CD4B25 /* FirebaseFirestoreSwift */,
			);
			productName = ToDoListSwiftUI;
			productReference = BAA6EC702A989F0D00CD4B25 /* ToDoListSwiftUI.app */;
			productType = "com.apple.product-type.application";
		};
/* End PBXNativeTarget section */

/* Begin PBXProject section */
		BAA6EC682A989F0D00CD4B25 /* Project object */ = {
			isa = PBXProject;
			attributes = {
				BuildIndependentTargetsInParallel = 1;
				LastSwiftUpdateCheck = 1400;
				LastUpgradeCheck = 1400;
				TargetAttributes = {
					BAA6EC6F2A989F0D00CD4B25 = {
						CreatedOnToolsVersion = 14.0.1;
					};
				};
			};
			buildConfigurationList = BAA6EC6B2A989F0D00CD4B25 /* Build configuration list for PBXProject "ToDoListSwiftUI" */;
			compatibilityVersion = "Xcode 14.0";
			developmentRegion = en;
			hasScannedForEncodings = 0;
			knownRegions = (
				en,
				Base,
			);
			mainGroup = BAA6EC672A989F0D00CD4B25;
			packageReferences = (
				BAA6EC812A98B28F00CD4B25 /* XCRemoteSwiftPackageReference "firebase-ios-sdk" */,
			);
			productRefGroup = BAA6EC712A989F0D00CD4B25 /* Products */;
			projectDirPath = "";
			projectRoot = "";
			targets = (
				BAA6EC6F2A989F0D00CD4B25 /* ToDoListSwiftUI */,
			);
		};
/* End PBXProject section */

/* Begin PBXResourcesBuildPhase section */
		BAA6EC6E2A989F0D00CD4B25 /* Resources */ = {
			isa = PBXResourcesBuildPhase;
			buildActionMask = 2147483647;
			files = (
				BAA6EC7B2A989F1100CD4B25 /* Preview Assets.xcassets in Resources */,
				BAA6EC782A989F1100CD4B25 /* Assets.xcassets in Resources */,
				BAA6EC892A98B6DA00CD4B25 /* GoogleService-Info.plist in Resources */,
			);
			runOnlyForDeploymentPostprocessing = 0;
		};
/* End PBXResourcesBuildPhase section */

/* Begin PBXSourcesBuildPhase section */
		BAA6EC6C2A989F0D00CD4B25 /* Sources */ = {
			isa = PBXSourcesBuildPhase;
			buildActionMask = 2147483647;
			files = (
				BA4715C82A98C11A00CA0E5F /* LoginView.swift in Sources */,
				BA4715E02A9B80D500CA0E5F /* HeaderView.swift in Sources */,
				BA4715D62A98C2A300CA0E5F /* ToDoListItemViewViewModel.swift in Sources */,
				BA4715DC2A98C2D300CA0E5F /* RegisterViewViewModel.swift in Sources */,
				BAA6EC762A989F0D00CD4B25 /* MainView.swift in Sources */,
				BA4715D22A98C27000CA0E5F /* MainViewViewModel.swift in Sources */,
				BA4715CC2A98C19900CA0E5F /* ToDoListView.swift in Sources */,
				BA4715E22A9B97C400CA0E5F /* TLButton.swift in Sources */,
				BA4715C42A98C0D600CA0E5F /* ToDoListItemView.swift in Sources */,
				BA4715D42A98C28200CA0E5F /* ProfileViewViewModel.swift in Sources */,
				BA4715CA2A98C13B00CA0E5F /* RegisterView.swift in Sources */,
				BA4715CE2A98C20B00CA0E5F /* User.swift in Sources */,
				BA4715C22A98C09B00CA0E5F /* ProfileView.swift in Sources */,
				BA4715DA2A98C2C300CA0E5F /* LoginViewViewModel.swift in Sources */,
				BA4715DE2A98C2E700CA0E5F /* ToDoListViewViewModel.swift in Sources */,
				BA4715E42AB4691800CA0E5F /* Extensions.swift in Sources */,
				BAA6EC742A989F0D00CD4B25 /* ToDoListSwiftUIApp.swift in Sources */,
				BA4715D02A98C22600CA0E5F /* ToDoListItem.swift in Sources */,
				BA4715C62A98C0F600CA0E5F /* NewItemView.swift in Sources */,
				BA4715D82A98C2B500CA0E5F /* NewItemViewViewModel.swift in Sources */,
			);
			runOnlyForDeploymentPostprocessing = 0;
		};
/* End PBXSourcesBuildPhase section */

/* Begin XCBuildConfiguration section */
		BAA6EC7C2A989F1100CD4B25 /* Debug */ = {
			isa = XCBuildConfiguration;
			buildSettings = {
				ALWAYS_SEARCH_USER_PATHS = NO;
				CLANG_ANALYZER_NONNULL = YES;
				CLANG_ANALYZER_NUMBER_OBJECT_CONVERSION = YES_AGGRESSIVE;
				CLANG_CXX_LANGUAGE_STANDARD = "gnu++20";
				CLANG_ENABLE_MODULES = YES;
				CLANG_ENABLE_OBJC_ARC = YES;
				CLANG_ENABLE_OBJC_WEAK = YES;
				CLANG_WARN_BLOCK_CAPTURE_AUTORELEASING = YES;
				CLANG_WARN_BOOL_CONVERSION = YES;
				CLANG_WARN_COMMA = YES;
				CLANG_WARN_CONSTANT_CONVERSION = YES;
				CLANG_WARN_DEPRECATED_OBJC_IMPLEMENTATIONS = YES;
				CLANG_WARN_DIRECT_OBJC_ISA_USAGE = YES_ERROR;
				CLANG_WARN_DOCUMENTATION_COMMENTS = YES;
				CLANG_WARN_EMPTY_BODY = YES;
				CLANG_WARN_ENUM_CONVERSION = YES;
				CLANG_WARN_INFINITE_RECURSION = YES;
				CLANG_WARN_INT_CONVERSION = YES;
				CLANG_WARN_NON_LITERAL_NULL_CONVERSION = YES;
				CLANG_WARN_OBJC_IMPLICIT_RETAIN_SELF = YES;
				CLANG_WARN_OBJC_LITERAL_CONVERSION = YES;
				CLANG_WARN_OBJC_ROOT_CLASS = YES_ERROR;
				CLANG_WARN_QUOTED_INCLUDE_IN_FRAMEWORK_HEADER = YES;
				CLANG_WARN_RANGE_LOOP_ANALYSIS = YES;
				CLANG_WARN_STRICT_PROTOTYPES = YES;
				CLANG_WARN_SUSPICIOUS_MOVE = YES;
				CLANG_WARN_UNGUARDED_AVAILABILITY = YES_AGGRESSIVE;
				CLANG_WARN_UNREACHABLE_CODE = YES;
				CLANG_WARN__DUPLICATE_METHOD_MATCH = YES;
				COPY_PHASE_STRIP = NO;
				DEBUG_INFORMATION_FORMAT = dwarf;
				ENABLE_STRICT_OBJC_MSGSEND = YES;
				ENABLE_TESTABILITY = YES;
				GCC_C_LANGUAGE_STANDARD = gnu11;
				GCC_DYNAMIC_NO_PIC = NO;
				GCC_NO_COMMON_BLOCKS = YES;
				GCC_OPTIMIZATION_LEVEL = 0;
				GCC_PREPROCESSOR_DEFINITIONS = (
					"DEBUG=1",
					"$(inherited)",
				);
				GCC_WARN_64_TO_32_BIT_CONVERSION = YES;
				GCC_WARN_ABOUT_RETURN_TYPE = YES_ERROR;
				GCC_WARN_UNDECLARED_SELECTOR = YES;
				GCC_WARN_UNINITIALIZED_AUTOS = YES_AGGRESSIVE;
				GCC_WARN_UNUSED_FUNCTION = YES;
				GCC_WARN_UNUSED_VARIABLE = YES;
				IPHONEOS_DEPLOYMENT_TARGET = 16.0;
				MTL_ENABLE_DEBUG_INFO = INCLUDE_SOURCE;
				MTL_FAST_MATH = YES;
				ONLY_ACTIVE_ARCH = YES;
				SDKROOT = iphoneos;
				SWIFT_ACTIVE_COMPILATION_CONDITIONS = DEBUG;
				SWIFT_OPTIMIZATION_LEVEL = "-Onone";
			};
			name = Debug;
		};
		BAA6EC7D2A989F1100CD4B25 /* Release */ = {
			isa = XCBuildConfiguration;
			buildSettings = {
				ALWAYS_SEARCH_USER_PATHS = NO;
				CLANG_ANALYZER_NONNULL = YES;
				CLANG_ANALYZER_NUMBER_OBJECT_CONVERSION = YES_AGGRESSIVE;
				CLANG_CXX_LANGUAGE_STANDARD = "gnu++20";
				CLANG_ENABLE_MODULES = YES;
				CLANG_ENABLE_OBJC_ARC = YES;
				CLANG_ENABLE_OBJC_WEAK = YES;
				CLANG_WARN_BLOCK_CAPTURE_AUTORELEASING = YES;
				CLANG_WARN_BOOL_CONVERSION = YES;
				CLANG_WARN_COMMA = YES;
				CLANG_WARN_CONSTANT_CONVERSION = YES;
				CLANG_WARN_DEPRECATED_OBJC_IMPLEMENTATIONS = YES;
				CLANG_WARN_DIRECT_OBJC_ISA_USAGE = YES_ERROR;
				CLANG_WARN_DOCUMENTATION_COMMENTS = YES;
				CLANG_WARN_EMPTY_BODY = YES;
				CLANG_WARN_ENUM_CONVERSION = YES;
				CLANG_WARN_INFINITE_RECURSION = YES;
				CLANG_WARN_INT_CONVERSION = YES;
				CLANG_WARN_NON_LITERAL_NULL_CONVERSION = YES;
				CLANG_WARN_OBJC_IMPLICIT_RETAIN_SELF = YES;
				CLANG_WARN_OBJC_LITERAL_CONVERSION = YES;
				CLANG_WARN_OBJC_ROOT_CLASS = YES_ERROR;
				CLANG_WARN_QUOTED_INCLUDE_IN_FRAMEWORK_HEADER = YES;
				CLANG_WARN_RANGE_LOOP_ANALYSIS = YES;
				CLANG_WARN_STRICT_PROTOTYPES = YES;
				CLANG_WARN_SUSPICIOUS_MOVE = YES;
				CLANG_WARN_UNGUARDED_AVAILABILITY = YES_AGGRESSIVE;
				CLANG_WARN_UNREACHABLE_CODE = YES;
				CLANG_WARN__DUPLICATE_METHOD_MATCH = YES;
				COPY_PHASE_STRIP = NO;
				DEBUG_INFORMATION_FORMAT = "dwarf-with-dsym";
				ENABLE_NS_ASSERTIONS = NO;
				ENABLE_STRICT_OBJC_MSGSEND = YES;
				GCC_C_LANGUAGE_STANDARD = gnu11;
				GCC_NO_COMMON_BLOCKS = YES;
				GCC_WARN_64_TO_32_BIT_CONVERSION = YES;
				GCC_WARN_ABOUT_RETURN_TYPE = YES_ERROR;
				GCC_WARN_UNDECLARED_SELECTOR = YES;
				GCC_WARN_UNINITIALIZED_AUTOS = YES_AGGRESSIVE;
				GCC_WARN_UNUSED_FUNCTION = YES;
				GCC_WARN_UNUSED_VARIABLE = YES;
				IPHONEOS_DEPLOYMENT_TARGET = 16.0;
				MTL_ENABLE_DEBUG_INFO = NO;
				MTL_FAST_MATH = YES;
				SDKROOT = iphoneos;
				SWIFT_COMPILATION_MODE = wholemodule;
				SWIFT_OPTIMIZATION_LEVEL = "-O";
				VALIDATE_PRODUCT = YES;
			};
			name = Release;
		};
		BAA6EC7F2A989F1100CD4B25 /* Debug */ = {
			isa = XCBuildConfiguration;
			buildSettings = {
				ASSETCATALOG_COMPILER_APPICON_NAME = AppIcon;
				ASSETCATALOG_COMPILER_GLOBAL_ACCENT_COLOR_NAME = AccentColor;
				CODE_SIGN_STYLE = Automatic;
				CURRENT_PROJECT_VERSION = 1;
				DEVELOPMENT_ASSET_PATHS = "\"ToDoListSwiftUI/Preview Content\"";
				DEVELOPMENT_TEAM = L3L56Q665Z;
				ENABLE_PREVIEWS = YES;
				GENERATE_INFOPLIST_FILE = YES;
				INFOPLIST_KEY_CFBundleDisplayName = "To Do List SwiftUI";
				INFOPLIST_KEY_UIApplicationSceneManifest_Generation = YES;
				INFOPLIST_KEY_UIApplicationSupportsIndirectInputEvents = YES;
				INFOPLIST_KEY_UILaunchScreen_Generation = YES;
				INFOPLIST_KEY_UISupportedInterfaceOrientations = UIInterfaceOrientationPortrait;
				LD_RUNPATH_SEARCH_PATHS = (
					"$(inherited)",
					"@executable_path/Frameworks",
				);
				MARKETING_VERSION = 1.0;
				PRODUCT_BUNDLE_IDENTIFIER = com.ipaktulane.ToDoListSwiftUI;
				PRODUCT_NAME = "$(TARGET_NAME)";
				SWIFT_EMIT_LOC_STRINGS = YES;
				SWIFT_VERSION = 5.0;
				TARGETED_DEVICE_FAMILY = "1,2";
			};
			name = Debug;
		};
		BAA6EC802A989F1100CD4B25 /* Release */ = {
			isa = XCBuildConfiguration;
			buildSettings = {
				ASSETCATALOG_COMPILER_APPICON_NAME = AppIcon;
				ASSETCATALOG_COMPILER_GLOBAL_ACCENT_COLOR_NAME = AccentColor;
				CODE_SIGN_STYLE = Automatic;
				CURRENT_PROJECT_VERSION = 1;
				DEVELOPMENT_ASSET_PATHS = "\"ToDoListSwiftUI/Preview Content\"";
				DEVELOPMENT_TEAM = L3L56Q665Z;
				ENABLE_PREVIEWS = YES;
				GENERATE_INFOPLIST_FILE = YES;
				INFOPLIST_KEY_CFBundleDisplayName = "To Do List SwiftUI";
				INFOPLIST_KEY_UIApplicationSceneManifest_Generation = YES;
				INFOPLIST_KEY_UIApplicationSupportsIndirectInputEvents = YES;
				INFOPLIST_KEY_UILaunchScreen_Generation = YES;
				INFOPLIST_KEY_UISupportedInterfaceOrientations = UIInterfaceOrientationPortrait;
				LD_RUNPATH_SEARCH_PATHS = (
					"$(inherited)",
					"@executable_path/Frameworks",
				);
				MARKETING_VERSION = 1.0;
				PRODUCT_BUNDLE_IDENTIFIER = com.ipaktulane.ToDoListSwiftUI;
				PRODUCT_NAME = "$(TARGET_NAME)";
				SWIFT_EMIT_LOC_STRINGS = YES;
				SWIFT_VERSION = 5.0;
				TARGETED_DEVICE_FAMILY = "1,2";
			};
			name = Release;
		};
/* End XCBuildConfiguration section */

/* Begin XCConfigurationList section */
		BAA6EC6B2A989F0D00CD4B25 /* Build configuration list for PBXProject "ToDoListSwiftUI" */ = {
			isa = XCConfigurationList;
			buildConfigurations = (
				BAA6EC7C2A989F1100CD4B25 /* Debug */,
				BAA6EC7D2A989F1100CD4B25 /* Release */,
			);
			defaultConfigurationIsVisible = 0;
			defaultConfigurationName = Release;
		};
		BAA6EC7E2A989F1100CD4B25 /* Build configuration list for PBXNativeTarget "ToDoListSwiftUI" */ = {
			isa = XCConfigurationList;
			buildConfigurations = (
				BAA6EC7F2A989F1100CD4B25 /* Debug */,
				BAA6EC802A989F1100CD4B25 /* Release */,
			);
			defaultConfigurationIsVisible = 0;
			defaultConfigurationName = Release;
		};
/* End XCConfigurationList section */

/* Begin XCRemoteSwiftPackageReference section */
		BAA6EC812A98B28F00CD4B25 /* XCRemoteSwiftPackageReference "firebase-ios-sdk" */ = {
			isa = XCRemoteSwiftPackageReference;
			repositoryURL = "https://github.com/firebase/firebase-ios-sdk.git";
			requirement = {
				kind = upToNextMajorVersion;
				minimumVersion = 9.0.0;
			};
		};
/* End XCRemoteSwiftPackageReference section */

/* Begin XCSwiftPackageProductDependency section */
		BAA6EC822A98B28F00CD4B25 /* FirebaseAuth */ = {
			isa = XCSwiftPackageProductDependency;
			package = BAA6EC812A98B28F00CD4B25 /* XCRemoteSwiftPackageReference "firebase-ios-sdk" */;
			productName = FirebaseAuth;
		};
		BAA6EC842A98B28F00CD4B25 /* FirebaseFirestore */ = {
			isa = XCSwiftPackageProductDependency;
			package = BAA6EC812A98B28F00CD4B25 /* XCRemoteSwiftPackageReference "firebase-ios-sdk" */;
			productName = FirebaseFirestore;
		};
		BAA6EC862A98B28F00CD4B25 /* FirebaseFirestoreSwift */ = {
			isa = XCSwiftPackageProductDependency;
			package = BAA6EC812A98B28F00CD4B25 /* XCRemoteSwiftPackageReference "firebase-ios-sdk" */;
			productName = FirebaseFirestoreSwift;
		};
/* End XCSwiftPackageProductDependency section */
	};
	rootObject = BAA6EC682A989F0D00CD4B25 /* Project object */;
}
